
Microsoft Visual Studio Solution File, Format Version 12.00
# Visual Studio Version 17
VisualStudioVersion = 17.14.37111.16 d17.14
MinimumVisualStudioVersion = 10.0.40219.1
Project("{FAE04EC0-301F-11D3-BF4B-00C04F79EFBC}") = "HibaVonal", "HibaVonal\HibaVonal.csproj", "{6E85D57F-1511-438A-8307-2165E3C86AFA}"
EndProject
Global
	GlobalSection(SolutionConfigurationPlatforms) = preSolution
		Debug|Any CPU = Debug|Any CPU
		Release|Any CPU = Release|Any CPU
	EndGlobalSection
	GlobalSection(ProjectConfigurationPlatforms) = postSolution
		{6E85D57F-1511-438A-8307-2165E3C86AFA}.Debug|Any CPU.ActiveCfg = Debug|Any CPU
		{6E85D57F-1511-438A-8307-2165E3C86AFA}.Debug|Any CPU.Build.0 = Debug|Any CPU
		{6E85D57F-1511-438A-8307-2165E3C86AFA}.Release|Any CPU.ActiveCfg = Release|Any CPU
		{6E85D57F-1511-438A-8307-2165E3C86AFA}.Release|Any CPU.Build.0 = Release|Any CPU
	EndGlobalSection
	GlobalSection(SolutionProperties) = preSolution
		HideSolutionNode = FALSE
	EndGlobalSection
	GlobalSection(ExtensibilityGlobals) = postSolution
		SolutionGuid = {80C5929F-6186-467A-9000-AE79B916FE8E}
	EndGlobalSection
EndGlobal
